
Microsoft Visual Studio Solution File, Format Version 12.00
# Visual Studio 15
VisualStudioVersion = 15.0.28307.168
MinimumVisualStudioVersion = 10.0.40219.1
Project("{FAE04EC0-301F-11D3-BF4B-00C04F79EFBC}") = "Our.Umbraco.UFFF.Web", "Our.Umbraco.UFFF.Web\Our.Umbraco.UFFF.Web.csproj", "{88667373-4E80-41B8-9D13-72263801E372}"
EndProject
Project("{FAE04EC0-301F-11D3-BF4B-00C04F79EFBC}") = "Our.Umbraco.UFFF.Core", "Our.Umbraco.Ufff.Core\Our.Umbraco.UFFF.Core.csproj", "{429A3735-A924-405E-8672-5B08A2877B94}"
EndProject
Project("{FAE04EC0-301F-11D3-BF4B-00C04F79EFBC}") = "Our.Umbraco.UFFF.UmbracoService", "Our.Umbraco.UFFF.UmbracoService\Our.Umbraco.UFFF.UmbracoService.csproj", "{412254B9-7EE3-4AB1-BF55-0CCE6F9645F9}"
EndProject
Project("{FAE04EC0-301F-11D3-BF4B-00C04F79EFBC}") = "Our.Umbraco.UFFF.MailService", "Our.Umbraco.UFFF.MailService\Our.Umbraco.UFFF.MailService.csproj", "{C558DDCA-EE97-4760-A669-092CCDBC8855}"
EndProject
Project("{FAE04EC0-301F-11D3-BF4B-00C04F79EFBC}") = "WebClient", "WebClient\WebClient.csproj", "{EC0F1CA1-83E3-4D60-8F44-554E79A6426E}"
EndProject
Global
	GlobalSection(SolutionConfigurationPlatforms) = preSolution
		Debug|Any CPU = Debug|Any CPU
		Release|Any CPU = Release|Any CPU
	EndGlobalSection
	GlobalSection(ProjectConfigurationPlatforms) = postSolution
		{88667373-4E80-41B8-9D13-72263801E372}.Debug|Any CPU.ActiveCfg = Debug|Any CPU
		{88667373-4E80-41B8-9D13-72263801E372}.Debug|Any CPU.Build.0 = Debug|Any CPU
		{88667373-4E80-41B8-9D13-72263801E372}.Release|Any CPU.ActiveCfg = Release|Any CPU
		{88667373-4E80-41B8-9D13-72263801E372}.Release|Any CPU.Build.0 = Release|Any CPU
		{429A3735-A924-405E-8672-5B08A2877B94}.Debug|Any CPU.ActiveCfg = Debug|Any CPU
		{429A3735-A924-405E-8672-5B08A2877B94}.Debug|Any CPU.Build.0 = Debug|Any CPU
		{429A3735-A924-405E-8672-5B08A2877B94}.Release|Any CPU.ActiveCfg = Release|Any CPU
		{429A3735-A924-405E-8672-5B08A2877B94}.Release|Any CPU.Build.0 = Release|Any CPU
		{412254B9-7EE3-4AB1-BF55-0CCE6F9645F9}.Debug|Any CPU.ActiveCfg = Debug|Any CPU
		{412254B9-7EE3-4AB1-BF55-0CCE6F9645F9}.Debug|Any CPU.Build.0 = Debug|Any CPU
		{412254B9-7EE3-4AB1-BF55-0CCE6F9645F9}.Release|Any CPU.ActiveCfg = Release|Any CPU
		{412254B9-7EE3-4AB1-BF55-0CCE6F9645F9}.Release|Any CPU.Build.0 = Release|Any CPU
		{C558DDCA-EE97-4760-A669-092CCDBC8855}.Debug|Any CPU.ActiveCfg = Debug|Any CPU
		{C558DDCA-EE97-4760-A669-092CCDBC8855}.Debug|Any CPU.Build.0 = Debug|Any CPU
		{C558DDCA-EE97-4760-A669-092CCDBC8855}.Release|Any CPU.ActiveCfg = Release|Any CPU
		{C558DDCA-EE97-4760-A669-092CCDBC8855}.Release|Any CPU.Build.0 = Release|Any CPU
		{EC0F1CA1-83E3-4D60-8F44-554E79A6426E}.Debug|Any CPU.ActiveCfg = Debug|Any CPU
		{EC0F1CA1-83E3-4D60-8F44-554E79A6426E}.Debug|Any CPU.Build.0 = Debug|Any CPU
		{EC0F1CA1-83E3-4D60-8F44-554E79A6426E}.Release|Any CPU.ActiveCfg = Release|Any CPU
		{EC0F1CA1-83E3-4D60-8F44-554E79A6426E}.Release|Any CPU.Build.0 = Release|Any CPU
	EndGlobalSection
	GlobalSection(SolutionProperties) = preSolution
		HideSolutionNode = FALSE
	EndGlobalSection
	GlobalSection(ExtensibilityGlobals) = postSolution
		SolutionGuid = {278EAE7B-4A4F-40B6-AECA-64BAD06B7BEA}
	EndGlobalSection
EndGlobal
